
Microsoft Visual Studio Solution File, Format Version 12.00
# Visual Studio Version 17
VisualStudioVersion = 17.5.33414.496
MinimumVisualStudioVersion = 10.0.40219.1
Project("{FAE04EC0-301F-11D3-BF4B-00C04F79EFBC}") = "API", "API.csproj", "{5B3668E7-4410-40C4-9D6D-4C674E625A55}"
EndProject
Project("{FAE04EC0-301F-11D3-BF4B-00C04F79EFBC}") = "Core", "..\Core\Core.csproj", "{8622B25B-DF62-4B08-A9E0-D4DFB3898ECC}"
EndProject
Project("{FAE04EC0-301F-11D3-BF4B-00C04F79EFBC}") = "Infrastructure", "..\Infrastructure\Infrastructure.csproj", "{7FF25F42-0E35-4655-8E9E-04AE05152C0C}"
EndProject
Global
	GlobalSection(SolutionConfigurationPlatforms) = preSolution
		Debug|Any CPU = Debug|Any CPU
		Release|Any CPU = Release|Any CPU
	EndGlobalSection
	GlobalSection(ProjectConfigurationPlatforms) = postSolution
		{5B3668E7-4410-40C4-9D6D-4C674E625A55}.Debug|Any CPU.ActiveCfg = Debug|Any CPU
		{5B3668E7-4410-40C4-9D6D-4C674E625A55}.Debug|Any CPU.Build.0 = Debug|Any CPU
		{5B3668E7-4410-40C4-9D6D-4C674E625A55}.Release|Any CPU.ActiveCfg = Release|Any CPU
		{5B3668E7-4410-40C4-9D6D-4C674E625A55}.Release|Any CPU.Build.0 = Release|Any CPU
		{8622B25B-DF62-4B08-A9E0-D4DFB3898ECC}.Debug|Any CPU.ActiveCfg = Debug|Any CPU
		{8622B25B-DF62-4B08-A9E0-D4DFB3898ECC}.Debug|Any CPU.Build.0 = Debug|Any CPU
		{8622B25B-DF62-4B08-A9E0-D4DFB3898ECC}.Release|Any CPU.ActiveCfg = Release|Any CPU
		{8622B25B-DF62-4B08-A9E0-D4DFB3898ECC}.Release|Any CPU.Build.0 = Release|Any CPU
		{7FF25F42-0E35-4655-8E9E-04AE05152C0C}.Debug|Any CPU.ActiveCfg = Debug|Any CPU
		{7FF25F42-0E35-4655-8E9E-04AE05152C0C}.Debug|Any CPU.Build.0 = Debug|Any CPU
		{7FF25F42-0E35-4655-8E9E-04AE05152C0C}.Release|Any CPU.ActiveCfg = Release|Any CPU
		{7FF25F42-0E35-4655-8E9E-04AE05152C0C}.Release|Any CPU.Build.0 = Release|Any CPU
	EndGlobalSection
	GlobalSection(SolutionProperties) = preSolution
		HideSolutionNode = FALSE
	EndGlobalSection
	GlobalSection(ExtensibilityGlobals) = postSolution
		SolutionGuid = {C8EFAC6F-92D6-47F3-A0E7-85AE97DD3846}
	EndGlobalSection
EndGlobal
